
Microsoft Visual Studio Solution File, Format Version 12.00
# Visual Studio 15
VisualStudioVersion = 15.0.28010.2026
MinimumVisualStudioVersion = 10.0.40219.1
Project("{9A19103F-16F7-4668-BE54-9A1E7A4F7556}") = "TestSite", "TestSite\TestSite.csproj", "{B739C4A1-BB71-4F83-81DB-C617B4DA6259}"
EndProject
Project("{9A19103F-16F7-4668-BE54-9A1E7A4F7556}") = "TestSite.Tests", "TestSite.Tests\TestSite.Tests.csproj", "{20F492BB-36D0-4CEC-AD2F-A2DF6E1F418D}"
EndProject
Global
	GlobalSection(SolutionConfigurationPlatforms) = preSolution
		Debug|Any CPU = Debug|Any CPU
		Release|Any CPU = Release|Any CPU
	EndGlobalSection
	GlobalSection(ProjectConfigurationPlatforms) = postSolution
		{B739C4A1-BB71-4F83-81DB-C617B4DA6259}.Debug|Any CPU.ActiveCfg = Debug|Any CPU
		{B739C4A1-BB71-4F83-81DB-C617B4DA6259}.Debug|Any CPU.Build.0 = Debug|Any CPU
		{B739C4A1-BB71-4F83-81DB-C617B4DA6259}.Release|Any CPU.ActiveCfg = Release|Any CPU
		{B739C4A1-BB71-4F83-81DB-C617B4DA6259}.Release|Any CPU.Build.0 = Release|Any CPU
		{20F492BB-36D0-4CEC-AD2F-A2DF6E1F418D}.Debug|Any CPU.ActiveCfg = Debug|Any CPU
		{20F492BB-36D0-4CEC-AD2F-A2DF6E1F418D}.Debug|Any CPU.Build.0 = Debug|Any CPU
		{20F492BB-36D0-4CEC-AD2F-A2DF6E1F418D}.Release|Any CPU.ActiveCfg = Release|Any CPU
		{20F492BB-36D0-4CEC-AD2F-A2DF6E1F418D}.Release|Any CPU.Build.0 = Release|Any CPU
	EndGlobalSection
	GlobalSection(SolutionProperties) = preSolution
		HideSolutionNode = FALSE
	EndGlobalSection
	GlobalSection(ExtensibilityGlobals) = postSolution
		SolutionGuid = {A066225B-D18F-46A5-9CAB-3753044A3823}
	EndGlobalSection
EndGlobal
